
Microsoft Visual Studio Solution File, Format Version 10.00
# Visual C# Express 2008
Project("{FAE04EC0-301F-11D3-BF4B-00C04F79EFBC}") = "Dock11", "Dock11\Dock11.csproj", "{E8D45EB7-4B48-4381-B985-D50412ACCA05}"
EndProject
Global
	GlobalSection(SolutionConfigurationPlatforms) = preSolution
		Debug|x86 = Debug|x86
		Release|x86 = Release|x86
	EndGlobalSection
	GlobalSection(ProjectConfigurationPlatforms) = postSolution
		{E8D45EB7-4B48-4381-B985-D50412ACCA05}.Debug|x86.ActiveCfg = Debug|x86
		{E8D45EB7-4B48-4381-B985-D50412ACCA05}.Debug|x86.Build.0 = Debug|x86
		{E8D45EB7-4B48-4381-B985-D50412ACCA05}.Release|x86.ActiveCfg = Release|x86
		{E8D45EB7-4B48-4381-B985-D50412ACCA05}.Release|x86.Build.0 = Release|x86
		{72F42775-C256-4B51-9EE7-5B4BBF92838C}.Debug|x86.ActiveCfg = Debug|x86
		{72F42775-C256-4B51-9EE7-5B4BBF92838C}.Release|x86.ActiveCfg = Release|x86
	EndGlobalSection
	GlobalSection(SolutionProperties) = preSolution
		HideSolutionNode = FALSE
	EndGlobalSection
EndGlobal
